
Microsoft Visual Studio Solution File, Format Version 12.00
# Visual Studio 15
VisualStudioVersion = 15.0.28307.106
MinimumVisualStudioVersion = 10.0.40219.1
Project("{F184B08F-C81C-45F6-A57F-5ABD9991F28F}") = "BMI BodyFat", "BMI BodyFat\BMI BodyFat.vbproj", "{4D827741-FD06-4141-BDCA-0B2D5B078581}"
EndProject
Global
	GlobalSection(SolutionConfigurationPlatforms) = preSolution
		Debug|Any CPU = Debug|Any CPU
		Release|Any CPU = Release|Any CPU
	EndGlobalSection
	GlobalSection(ProjectConfigurationPlatforms) = postSolution
		{4D827741-FD06-4141-BDCA-0B2D5B078581}.Debug|Any CPU.ActiveCfg = Debug|Any CPU
		{4D827741-FD06-4141-BDCA-0B2D5B078581}.Debug|Any CPU.Build.0 = Debug|Any CPU
		{4D827741-FD06-4141-BDCA-0B2D5B078581}.Release|Any CPU.ActiveCfg = Release|Any CPU
		{4D827741-FD06-4141-BDCA-0B2D5B078581}.Release|Any CPU.Build.0 = Release|Any CPU
	EndGlobalSection
	GlobalSection(SolutionProperties) = preSolution
		HideSolutionNode = FALSE
	EndGlobalSection
	GlobalSection(ExtensibilityGlobals) = postSolution
		SolutionGuid = {326471D2-FFC8-4639-9D6F-9AD0B417272E}
	EndGlobalSection
EndGlobal
